{
  "requires": true,
  "lockfileVersion": 1,
  "dependencies": {
    "goober": {
      "version": "2.0.8",
      "resolved": "https://registry.npmjs.org/goober/-/goober-2.0.8.tgz",
      "integrity": "sha512-DgYVFNZnto5ikeI0y39l5iaM2jottzFIAVwfqvidOI1TCnJxfLgw93X3UGXvDmcCXSDgI5WFJMtol6vYc07lMQ=="
    },
    "react-multi-select-component": {
      "version": "3.0.4",
      "resolved": "https://registry.npmjs.org/react-multi-select-component/-/react-multi-select-component-3.0.4.tgz",
      "integrity": "sha512-0qpp+2A+4UABLmhdP8gZBItPq+BAZEH6G+3OCCNyFMgfnNY3ZsJclxKOnOFOxvk2DcATRIbekXk2LaLQ+5d5QA==",
      "requires": {
        "goober": "^2.0.4"
      }
    }
  }
}
